
Microsoft Visual Studio Solution File, Format Version 12.00
# Visual Studio Version 16
VisualStudioVersion = 16.0.30611.23
MinimumVisualStudioVersion = 10.0.40219.1
Project("{8BC9CEB8-8B4A-11D0-8D11-00A0C91BC942}") = "humanBot", "humanBot\humanBot.vcxproj", "{C59E927B-73CA-4C2F-B04D-EF03DAEBAED2}"
EndProject
Global
	GlobalSection(SolutionConfigurationPlatforms) = preSolution
		Debug|x64 = Debug|x64
		Debug|x86 = Debug|x86
		Release|x64 = Release|x64
		Release|x86 = Release|x86
	EndGlobalSection
	GlobalSection(ProjectConfigurationPlatforms) = postSolution
		{C59E927B-73CA-4C2F-B04D-EF03DAEBAED2}.Debug|x64.ActiveCfg = Debug|x64
		{C59E927B-73CA-4C2F-B04D-EF03DAEBAED2}.Debug|x64.Build.0 = Debug|x64
		{C59E927B-73CA-4C2F-B04D-EF03DAEBAED2}.Debug|x86.ActiveCfg = Debug|Win32
		{C59E927B-73CA-4C2F-B04D-EF03DAEBAED2}.Debug|x86.Build.0 = Debug|Win32
		{C59E927B-73CA-4C2F-B04D-EF03DAEBAED2}.Release|x64.ActiveCfg = Release|x64
		{C59E927B-73CA-4C2F-B04D-EF03DAEBAED2}.Release|x64.Build.0 = Release|x64
		{C59E927B-73CA-4C2F-B04D-EF03DAEBAED2}.Release|x86.ActiveCfg = Release|Win32
		{C59E927B-73CA-4C2F-B04D-EF03DAEBAED2}.Release|x86.Build.0 = Release|Win32
	EndGlobalSection
	GlobalSection(SolutionProperties) = preSolution
		HideSolutionNode = FALSE
	EndGlobalSection
	GlobalSection(ExtensibilityGlobals) = postSolution
		SolutionGuid = {02893227-A9FB-4DC6-8B0C-0DA05EC6D9C6}
	EndGlobalSection
EndGlobal
